{
  "name": "@kitsune-system/common",
  "version": "1.4.0",
  "lockfileVersion": 1,
  "requires": true,
  "dependencies": {
    "@gamedevfox/katana": {
      "version": "1.4.0",
      "resolved": "https://registry.npmjs.org/@gamedevfox/katana/-/katana-1.4.0.tgz",
      "integrity": "sha512-ITCZrbtnq6fSIdGGe+2PZucNN052k1BrShJjsW37uAyfvH/ISVdsEy61xGrRH7GbTy8/yUDNXppaDmUEdp1+2g==",
      "requires": {
        "lodash": "^4.17.15"
      }
    },
    "js-sha3": {
      "version": "0.8.0",
      "resolved": "https://registry.npmjs.org/js-sha3/-/js-sha3-0.8.0.tgz",
      "integrity": "sha512-gF1cRrHhIzNfToc802P800N8PpXS+evLLXfsVpowqmAFR9uwbi89WvXg2QspOmXL8QL86J4T1EpFu+yUkwJY3Q=="
    },
    "lodash": {
      "version": "4.17.19",
      "resolved": "https://registry.npmjs.org/lodash/-/lodash-4.17.19.tgz",
      "integrity": "sha512-JNvd8XER9GQX0v2qJgsaN/mzFCNA5BRe/j8JN9d+tWyGLSodKQHKFicdwNYzWwI3wjRnaKPsGj1XkBjx/F96DQ=="
    }
  }
}
